
Microsoft Visual Studio Solution File, Format Version 12.00
# Visual Studio Version 17
VisualStudioVersion = 17.13.35931.197
MinimumVisualStudioVersion = 10.0.40219.1
Project("{FAE04EC0-301F-11D3-BF4B-00C04F79EFBC}") = "SzkolneGryEdukacyjne", "SzkolneGryEdukacyjne\SzkolneGryEdukacyjne.csproj", "{7F2460AF-4033-4FF3-8402-DCF78AE60B19}"
EndProject
Project("{FAE04EC0-301F-11D3-BF4B-00C04F79EFBC}") = "Szachy", "Szachy\Szachy.csproj", "{685D45E3-5253-4A70-81B5-E725B7B4D35F}"
EndProject
Project("{FAE04EC0-301F-11D3-BF4B-00C04F79EFBC}") = "SzachyTests", "SzachyTests\SzachyTests.csproj", "{601A8111-7815-4211-AD1A-90F0511223E6}"
EndProject
Project("{FAE04EC0-301F-11D3-BF4B-00C04F79EFBC}") = "ZbijakWebAssembly", "ZbijakWebAssembly\ZbijakWebAssembly.csproj", "{CE5DB1F0-4995-4939-9051-5D83518E603D}"
EndProject
Global
	GlobalSection(SolutionConfigurationPlatforms) = preSolution
		Debug|Any CPU = Debug|Any CPU
		Release|Any CPU = Release|Any CPU
	EndGlobalSection
	GlobalSection(ProjectConfigurationPlatforms) = postSolution
		{7F2460AF-4033-4FF3-8402-DCF78AE60B19}.Debug|Any CPU.ActiveCfg = Debug|Any CPU
		{7F2460AF-4033-4FF3-8402-DCF78AE60B19}.Debug|Any CPU.Build.0 = Debug|Any CPU
		{7F2460AF-4033-4FF3-8402-DCF78AE60B19}.Release|Any CPU.ActiveCfg = Release|Any CPU
		{7F2460AF-4033-4FF3-8402-DCF78AE60B19}.Release|Any CPU.Build.0 = Release|Any CPU
		{685D45E3-5253-4A70-81B5-E725B7B4D35F}.Debug|Any CPU.ActiveCfg = Debug|Any CPU
		{685D45E3-5253-4A70-81B5-E725B7B4D35F}.Debug|Any CPU.Build.0 = Debug|Any CPU
		{685D45E3-5253-4A70-81B5-E725B7B4D35F}.Release|Any CPU.ActiveCfg = Release|Any CPU
		{685D45E3-5253-4A70-81B5-E725B7B4D35F}.Release|Any CPU.Build.0 = Release|Any CPU
		{601A8111-7815-4211-AD1A-90F0511223E6}.Debug|Any CPU.ActiveCfg = Debug|Any CPU
		{601A8111-7815-4211-AD1A-90F0511223E6}.Debug|Any CPU.Build.0 = Debug|Any CPU
		{601A8111-7815-4211-AD1A-90F0511223E6}.Release|Any CPU.ActiveCfg = Release|Any CPU
		{601A8111-7815-4211-AD1A-90F0511223E6}.Release|Any CPU.Build.0 = Release|Any CPU
		{CE5DB1F0-4995-4939-9051-5D83518E603D}.Debug|Any CPU.ActiveCfg = Debug|Any CPU
		{CE5DB1F0-4995-4939-9051-5D83518E603D}.Debug|Any CPU.Build.0 = Debug|Any CPU
		{CE5DB1F0-4995-4939-9051-5D83518E603D}.Release|Any CPU.ActiveCfg = Release|Any CPU
		{CE5DB1F0-4995-4939-9051-5D83518E603D}.Release|Any CPU.Build.0 = Release|Any CPU
	EndGlobalSection
	GlobalSection(SolutionProperties) = preSolution
		HideSolutionNode = FALSE
	EndGlobalSection
	GlobalSection(ExtensibilityGlobals) = postSolution
		SolutionGuid = {873F5A4F-A2C9-4435-9F27-352235A03B61}
	EndGlobalSection
EndGlobal
